
Microsoft Visual Studio Solution File, Format Version 12.00
# Visual Studio Version 16
VisualStudioVersion = 16.0.29306.81
MinimumVisualStudioVersion = 10.0.40219.1
Project("{FAE04EC0-301F-11D3-BF4B-00C04F79EFBC}") = "event-ogranizer", "event-ogranizer\event-ogranizer.csproj", "{1924F791-1F93-4922-B809-ECE09433FFAF}"
EndProject
Project("{FAE04EC0-301F-11D3-BF4B-00C04F79EFBC}") = "event-ogranizerTests", "event-ogranizerTests\event-ogranizerTests.csproj", "{03CC09AF-1FD7-49B2-85D5-2444D449FBA2}"
EndProject
Global
	GlobalSection(SolutionConfigurationPlatforms) = preSolution
		Debug|Any CPU = Debug|Any CPU
		Release|Any CPU = Release|Any CPU
	EndGlobalSection
	GlobalSection(ProjectConfigurationPlatforms) = postSolution
		{1924F791-1F93-4922-B809-ECE09433FFAF}.Debug|Any CPU.ActiveCfg = Debug|Any CPU
		{1924F791-1F93-4922-B809-ECE09433FFAF}.Debug|Any CPU.Build.0 = Debug|Any CPU
		{1924F791-1F93-4922-B809-ECE09433FFAF}.Release|Any CPU.ActiveCfg = Release|Any CPU
		{1924F791-1F93-4922-B809-ECE09433FFAF}.Release|Any CPU.Build.0 = Release|Any CPU
		{03CC09AF-1FD7-49B2-85D5-2444D449FBA2}.Debug|Any CPU.ActiveCfg = Debug|Any CPU
		{03CC09AF-1FD7-49B2-85D5-2444D449FBA2}.Debug|Any CPU.Build.0 = Debug|Any CPU
		{03CC09AF-1FD7-49B2-85D5-2444D449FBA2}.Release|Any CPU.ActiveCfg = Release|Any CPU
		{03CC09AF-1FD7-49B2-85D5-2444D449FBA2}.Release|Any CPU.Build.0 = Release|Any CPU
	EndGlobalSection
	GlobalSection(SolutionProperties) = preSolution
		HideSolutionNode = FALSE
	EndGlobalSection
	GlobalSection(ExtensibilityGlobals) = postSolution
		SolutionGuid = {CE83366A-4C13-4E90-80F2-7925DFF6AF68}
	EndGlobalSection
EndGlobal
